// !$*UTF8*$!
{
	archiveVersion = 1;
	classes = {
	};
	objectVersion = 56;
	objects = {

/* Begin PBXBuildFile section */
		F51D9DE92B5AAFA700EB9380 /* LootItem.swift in Sources */ = {isa = PBXBuildFile; fileRef = F51D9DE82B5AAFA700EB9380 /* LootItem.swift */; };
		F51D9DEB2B5AB1BA00EB9380 /* Game.swift in Sources */ = {isa = PBXBuildFile; fileRef = F51D9DEA2B5AB1BA00EB9380 /* Game.swift */; };
		F51D9DED2B5ACC0200EB9380 /* LootDetailView.swift in Sources */ = {isa = PBXBuildFile; fileRef = F51D9DEC2B5ACC0200EB9380 /* LootDetailView.swift */; };
		F525D7F22B5A7A6B0030B553 /* SwiftAppApp.swift in Sources */ = {isa = PBXBuildFile; fileRef = F525D7F12B5A7A6B0030B553 /* SwiftAppApp.swift */; };
		F525D7F42B5A7A6B0030B553 /* ContentView.swift in Sources */ = {isa = PBXBuildFile; fileRef = F525D7F32B5A7A6B0030B553 /* ContentView.swift */; };
		F525D7F62B5A7A6C0030B553 /* Assets.xcassets in Resources */ = {isa = PBXBuildFile; fileRef = F525D7F52B5A7A6C0030B553 /* Assets.xcassets */; };
		F525D7F92B5A7A6C0030B553 /* Preview Assets.xcassets in Resources */ = {isa = PBXBuildFile; fileRef = F525D7F82B5A7A6C0030B553 /* Preview Assets.xcassets */; };
		F525D8002B5A83E80030B553 /* AddItemView.swift in Sources */ = {isa = PBXBuildFile; fileRef = F525D7FF2B5A83E80030B553 /* AddItemView.swift */; };
		F5D7BB212B5FC38F00282F10 /* LootRow.swift in Sources */ = {isa = PBXBuildFile; fileRef = F5D7BB202B5FC38F00282F10 /* LootRow.swift */; };
		F5D7BB232B5FD14B00282F10 /* GameCard.swift in Sources */ = {isa = PBXBuildFile; fileRef = F5D7BB222B5FD14B00282F10 /* GameCard.swift */; };
/* End PBXBuildFile section */

/* Begin PBXFileReference section */
		F51D9DE82B5AAFA700EB9380 /* LootItem.swift */ = {isa = PBXFileReference; lastKnownFileType = sourcecode.swift; path = LootItem.swift; sourceTree = "<group>"; };
		F51D9DEA2B5AB1BA00EB9380 /* Game.swift */ = {isa = PBXFileReference; lastKnownFileType = sourcecode.swift; path = Game.swift; sourceTree = "<group>"; };
		F51D9DEC2B5ACC0200EB9380 /* LootDetailView.swift */ = {isa = PBXFileReference; lastKnownFileType = sourcecode.swift; path = LootDetailView.swift; sourceTree = "<group>"; };
		F525D7EE2B5A7A6B0030B553 /* SwiftApp.app */ = {isa = PBXFileReference; explicitFileType = wrapper.application; includeInIndex = 0; path = SwiftApp.app; sourceTree = BUILT_PRODUCTS_DIR; };
		F525D7F12B5A7A6B0030B553 /* SwiftAppApp.swift */ = {isa = PBXFileReference; lastKnownFileType = sourcecode.swift; path = SwiftAppApp.swift; sourceTree = "<group>"; };
		F525D7F32B5A7A6B0030B553 /* ContentView.swift */ = {isa = PBXFileReference; lastKnownFileType = sourcecode.swift; path = ContentView.swift; sourceTree = "<group>"; };
		F525D7F52B5A7A6C0030B553 /* Assets.xcassets */ = {isa = PBXFileReference; lastKnownFileType = folder.assetcatalog; path = Assets.xcassets; sourceTree = "<group>"; };
		F525D7F82B5A7A6C0030B553 /* Preview Assets.xcassets */ = {isa = PBXFileReference; lastKnownFileType = folder.assetcatalog; path = "Preview Assets.xcassets"; sourceTree = "<group>"; };
		F525D7FF2B5A83E80030B553 /* AddItemView.swift */ = {isa = PBXFileReference; lastKnownFileType = sourcecode.swift; path = AddItemView.swift; sourceTree = "<group>"; };
		F5D7BB202B5FC38F00282F10 /* LootRow.swift */ = {isa = PBXFileReference; lastKnownFileType = sourcecode.swift; path = LootRow.swift; sourceTree = "<group>"; };
		F5D7BB222B5FD14B00282F10 /* GameCard.swift */ = {isa = PBXFileReference; lastKnownFileType = sourcecode.swift; path = GameCard.swift; sourceTree = "<group>"; };
/* End PBXFileReference section */

/* Begin PBXFrameworksBuildPhase section */
		F525D7EB2B5A7A6B0030B553 /* Frameworks */ = {
			isa = PBXFrameworksBuildPhase;
			buildActionMask = 2147483647;
			files = (
			);
			runOnlyForDeploymentPostprocessing = 0;
		};
/* End PBXFrameworksBuildPhase section */

/* Begin PBXGroup section */
		F525D7E52B5A7A6A0030B553 = {
			isa = PBXGroup;
			children = (
				F5D7BB222B5FD14B00282F10 /* GameCard.swift */,
				F5D7BB202B5FC38F00282F10 /* LootRow.swift */,
				F525D7F02B5A7A6B0030B553 /* SwiftApp */,
				F525D7EF2B5A7A6B0030B553 /* Products */,
			);
			sourceTree = "<group>";
		};
		F525D7EF2B5A7A6B0030B553 /* Products */ = {
			isa = PBXGroup;
			children = (
				F525D7EE2B5A7A6B0030B553 /* SwiftApp.app */,
			);
			name = Products;
			sourceTree = "<group>";
		};
		F525D7F02B5A7A6B0030B553 /* SwiftApp */ = {
			isa = PBXGroup;
			children = (
				F525D7F12B5A7A6B0030B553 /* SwiftAppApp.swift */,
				F525D7F32B5A7A6B0030B553 /* ContentView.swift */,
				F51D9DE82B5AAFA700EB9380 /* LootItem.swift */,
				F525D7FF2B5A83E80030B553 /* AddItemView.swift */,
				F51D9DEC2B5ACC0200EB9380 /* LootDetailView.swift */,
				F51D9DEA2B5AB1BA00EB9380 /* Game.swift */,
				F525D7F52B5A7A6C0030B553 /* Assets.xcassets */,
				F525D7F72B5A7A6C0030B553 /* Preview Content */,
			);
			path = SwiftApp;
			sourceTree = "<group>";
		};
		F525D7F72B5A7A6C0030B553 /* Preview Content */ = {
			isa = PBXGroup;
			children = (
				F525D7F82B5A7A6C0030B553 /* Preview Assets.xcassets */,
			);
			path = "Preview Content";
			sourceTree = "<group>";
		};
/* End PBXGroup section */

/* Begin PBXNativeTarget section */
		F525D7ED2B5A7A6B0030B553 /* SwiftApp */ = {
			isa = PBXNativeTarget;
			buildConfigurationList = F525D7FC2B5A7A6C0030B553 /* Build configuration list for PBXNativeTarget "SwiftApp" */;
			buildPhases = (
				F525D7EA2B5A7A6B0030B553 /* Sources */,
				F525D7EB2B5A7A6B0030B553 /* Frameworks */,
				F525D7EC2B5A7A6B0030B553 /* Resources */,
			);
			buildRules = (
			);
			dependencies = (
			);
			name = SwiftApp;
			productName = SwiftApp;
			productReference = F525D7EE2B5A7A6B0030B553 /* SwiftApp.app */;
			productType = "com.apple.product-type.application";
		};
/* End PBXNativeTarget section */

/* Begin PBXProject section */
		F525D7E62B5A7A6A0030B553 /* Project object */ = {
			isa = PBXProject;
			attributes = {
				BuildIndependentTargetsInParallel = 1;
				LastSwiftUpdateCheck = 1500;
				LastUpgradeCheck = 1500;
				TargetAttributes = {
					F525D7ED2B5A7A6B0030B553 = {
						CreatedOnToolsVersion = 15.0.1;
					};
				};
			};
			buildConfigurationList = F525D7E92B5A7A6A0030B553 /* Build configuration list for PBXProject "SwiftApp" */;
			compatibilityVersion = "Xcode 14.0";
			developmentRegion = en;
			hasScannedForEncodings = 0;
			knownRegions = (
				en,
				Base,
			);
			mainGroup = F525D7E52B5A7A6A0030B553;
			productRefGroup = F525D7EF2B5A7A6B0030B553 /* Products */;
			projectDirPath = "";
			projectRoot = "";
			targets = (
				F525D7ED2B5A7A6B0030B553 /* SwiftApp */,
			);
		};
/* End PBXProject section */

/* Begin PBXResourcesBuildPhase section */
		F525D7EC2B5A7A6B0030B553 /* Resources */ = {
			isa = PBXResourcesBuildPhase;
			buildActionMask = 2147483647;
			files = (
				F525D7F92B5A7A6C0030B553 /* Preview Assets.xcassets in Resources */,
				F525D7F62B5A7A6C0030B553 /* Assets.xcassets in Resources */,
			);
			runOnlyForDeploymentPostprocessing = 0;
		};
/* End PBXResourcesBuildPhase section */

/* Begin PBXSourcesBuildPhase section */
		F525D7EA2B5A7A6B0030B553 /* Sources */ = {
			isa = PBXSourcesBuildPhase;
			buildActionMask = 2147483647;
			files = (
				F525D7F42B5A7A6B0030B553 /* ContentView.swift in Sources */,
				F5D7BB212B5FC38F00282F10 /* LootRow.swift in Sources */,
				F51D9DEB2B5AB1BA00EB9380 /* Game.swift in Sources */,
				F525D8002B5A83E80030B553 /* AddItemView.swift in Sources */,
				F51D9DED2B5ACC0200EB9380 /* LootDetailView.swift in Sources */,
				F5D7BB232B5FD14B00282F10 /* GameCard.swift in Sources */,
				F51D9DE92B5AAFA700EB9380 /* LootItem.swift in Sources */,
				F525D7F22B5A7A6B0030B553 /* SwiftAppApp.swift in Sources */,
			);
			runOnlyForDeploymentPostprocessing = 0;
		};
/* End PBXSourcesBuildPhase section */

/* Begin XCBuildConfiguration section */
		F525D7FA2B5A7A6C0030B553 /* Debug */ = {
			isa = XCBuildConfiguration;
			buildSettings = {
				ALWAYS_SEARCH_USER_PATHS = NO;
				ASSETCATALOG_COMPILER_GENERATE_SWIFT_ASSET_SYMBOL_EXTENSIONS = YES;
				CLANG_ANALYZER_NONNULL = YES;
				CLANG_ANALYZER_NUMBER_OBJECT_CONVERSION = YES_AGGRESSIVE;
				CLANG_CXX_LANGUAGE_STANDARD = "gnu++20";
				CLANG_ENABLE_MODULES = YES;
				CLANG_ENABLE_OBJC_ARC = YES;
				CLANG_ENABLE_OBJC_WEAK = YES;
				CLANG_WARN_BLOCK_CAPTURE_AUTORELEASING = YES;
				CLANG_WARN_BOOL_CONVERSION = YES;
				CLANG_WARN_COMMA = YES;
				CLANG_WARN_CONSTANT_CONVERSION = YES;
				CLANG_WARN_DEPRECATED_OBJC_IMPLEMENTATIONS = YES;
				CLANG_WARN_DIRECT_OBJC_ISA_USAGE = YES_ERROR;
				CLANG_WARN_DOCUMENTATION_COMMENTS = YES;
				CLANG_WARN_EMPTY_BODY = YES;
				CLANG_WARN_ENUM_CONVERSION = YES;
				CLANG_WARN_INFINITE_RECURSION = YES;
				CLANG_WARN_INT_CONVERSION = YES;
				CLANG_WARN_NON_LITERAL_NULL_CONVERSION = YES;
				CLANG_WARN_OBJC_IMPLICIT_RETAIN_SELF = YES;
				CLANG_WARN_OBJC_LITERAL_CONVERSION = YES;
				CLANG_WARN_OBJC_ROOT_CLASS = YES_ERROR;
				CLANG_WARN_QUOTED_INCLUDE_IN_FRAMEWORK_HEADER = YES;
				CLANG_WARN_RANGE_LOOP_ANALYSIS = YES;
				CLANG_WARN_STRICT_PROTOTYPES = YES;
				CLANG_WARN_SUSPICIOUS_MOVE = YES;
				CLANG_WARN_UNGUARDED_AVAILABILITY = YES_AGGRESSIVE;
				CLANG_WARN_UNREACHABLE_CODE = YES;
				CLANG_WARN__DUPLICATE_METHOD_MATCH = YES;
				COPY_PHASE_STRIP = NO;
				DEBUG_INFORMATION_FORMAT = dwarf;
				ENABLE_STRICT_OBJC_MSGSEND = YES;
				ENABLE_TESTABILITY = YES;
				ENABLE_USER_SCRIPT_SANDBOXING = YES;
				GCC_C_LANGUAGE_STANDARD = gnu17;
				GCC_DYNAMIC_NO_PIC = NO;
				GCC_NO_COMMON_BLOCKS = YES;
				GCC_OPTIMIZATION_LEVEL = 0;
				GCC_PREPROCESSOR_DEFINITIONS = (
					"DEBUG=1",
					"$(inherited)",
				);
				GCC_WARN_64_TO_32_BIT_CONVERSION = YES;
				GCC_WARN_ABOUT_RETURN_TYPE = YES_ERROR;
				GCC_WARN_UNDECLARED_SELECTOR = YES;
				GCC_WARN_UNINITIALIZED_AUTOS = YES_AGGRESSIVE;
				GCC_WARN_UNUSED_FUNCTION = YES;
				GCC_WARN_UNUSED_VARIABLE = YES;
				IPHONEOS_DEPLOYMENT_TARGET = 17.0;
				LOCALIZATION_PREFERS_STRING_CATALOGS = YES;
				MTL_ENABLE_DEBUG_INFO = INCLUDE_SOURCE;
				MTL_FAST_MATH = YES;
				ONLY_ACTIVE_ARCH = YES;
				SDKROOT = iphoneos;
				SWIFT_ACTIVE_COMPILATION_CONDITIONS = "DEBUG $(inherited)";
				SWIFT_OPTIMIZATION_LEVEL = "-Onone";
			};
			name = Debug;
		};
		F525D7FB2B5A7A6C0030B553 /* Release */ = {
			isa = XCBuildConfiguration;
			buildSettings = {
				ALWAYS_SEARCH_USER_PATHS = NO;
				ASSETCATALOG_COMPILER_GENERATE_SWIFT_ASSET_SYMBOL_EXTENSIONS = YES;
				CLANG_ANALYZER_NONNULL = YES;
				CLANG_ANALYZER_NUMBER_OBJECT_CONVERSION = YES_AGGRESSIVE;
				CLANG_CXX_LANGUAGE_STANDARD = "gnu++20";
				CLANG_ENABLE_MODULES = YES;
				CLANG_ENABLE_OBJC_ARC = YES;
				CLANG_ENABLE_OBJC_WEAK = YES;
				CLANG_WARN_BLOCK_CAPTURE_AUTORELEASING = YES;
				CLANG_WARN_BOOL_CONVERSION = YES;
				CLANG_WARN_COMMA = YES;
				CLANG_WARN_CONSTANT_CONVERSION = YES;
				CLANG_WARN_DEPRECATED_OBJC_IMPLEMENTATIONS = YES;
				CLANG_WARN_DIRECT_OBJC_ISA_USAGE = YES_ERROR;
				CLANG_WARN_DOCUMENTATION_COMMENTS = YES;
				CLANG_WARN_EMPTY_BODY = YES;
				CLANG_WARN_ENUM_CONVERSION = YES;
				CLANG_WARN_INFINITE_RECURSION = YES;
				CLANG_WARN_INT_CONVERSION = YES;
				CLANG_WARN_NON_LITERAL_NULL_CONVERSION = YES;
				CLANG_WARN_OBJC_IMPLICIT_RETAIN_SELF = YES;
				CLANG_WARN_OBJC_LITERAL_CONVERSION = YES;
				CLANG_WARN_OBJC_ROOT_CLASS = YES_ERROR;
				CLANG_WARN_QUOTED_INCLUDE_IN_FRAMEWORK_HEADER = YES;
				CLANG_WARN_RANGE_LOOP_ANALYSIS = YES;
				CLANG_WARN_STRICT_PROTOTYPES = YES;
				CLANG_WARN_SUSPICIOUS_MOVE = YES;
				CLANG_WARN_UNGUARDED_AVAILABILITY = YES_AGGRESSIVE;
				CLANG_WARN_UNREACHABLE_CODE = YES;
				CLANG_WARN__DUPLICATE_METHOD_MATCH = YES;
				COPY_PHASE_STRIP = NO;
				DEBUG_INFORMATION_FORMAT = "dwarf-with-dsym";
				ENABLE_NS_ASSERTIONS = NO;
				ENABLE_STRICT_OBJC_MSGSEND = YES;
				ENABLE_USER_SCRIPT_SANDBOXING = YES;
				GCC_C_LANGUAGE_STANDARD = gnu17;
				GCC_NO_COMMON_BLOCKS = YES;
				GCC_WARN_64_TO_32_BIT_CONVERSION = YES;
				GCC_WARN_ABOUT_RETURN_TYPE = YES_ERROR;
				GCC_WARN_UNDECLARED_SELECTOR = YES;
				GCC_WARN_UNINITIALIZED_AUTOS = YES_AGGRESSIVE;
				GCC_WARN_UNUSED_FUNCTION = YES;
				GCC_WARN_UNUSED_VARIABLE = YES;
				IPHONEOS_DEPLOYMENT_TARGET = 17.0;
				LOCALIZATION_PREFERS_STRING_CATALOGS = YES;
				MTL_ENABLE_DEBUG_INFO = NO;
				MTL_FAST_MATH = YES;
				SDKROOT = iphoneos;
				SWIFT_COMPILATION_MODE = wholemodule;
				VALIDATE_PRODUCT = YES;
			};
			name = Release;
		};
		F525D7FD2B5A7A6C0030B553 /* Debug */ = {
			isa = XCBuildConfiguration;
			buildSettings = {
				ASSETCATALOG_COMPILER_APPICON_NAME = AppIcon;
				ASSETCATALOG_COMPILER_GLOBAL_ACCENT_COLOR_NAME = AccentColor;
				CODE_SIGN_STYLE = Automatic;
				CURRENT_PROJECT_VERSION = 1;
				DEVELOPMENT_ASSET_PATHS = "\"SwiftApp/Preview Content\"";
				ENABLE_PREVIEWS = YES;
				GENERATE_INFOPLIST_FILE = YES;
				INFOPLIST_KEY_UIApplicationSceneManifest_Generation = YES;
				INFOPLIST_KEY_UIApplicationSupportsIndirectInputEvents = YES;
				INFOPLIST_KEY_UILaunchScreen_Generation = YES;
				INFOPLIST_KEY_UISupportedInterfaceOrientations_iPad = "UIInterfaceOrientationPortrait UIInterfaceOrientationPortraitUpsideDown UIInterfaceOrientationLandscapeLeft UIInterfaceOrientationLandscapeRight";
				INFOPLIST_KEY_UISupportedInterfaceOrientations_iPhone = "UIInterfaceOrientationPortrait UIInterfaceOrientationLandscapeLeft UIInterfaceOrientationLandscapeRight";
				LD_RUNPATH_SEARCH_PATHS = (
					"$(inherited)",
					"@executable_path/Frameworks",
				);
				MARKETING_VERSION = 1.0;
				PRODUCT_BUNDLE_IDENTIFIER = IUT.SwiftApp;
				PRODUCT_NAME = "$(TARGET_NAME)";
				SWIFT_EMIT_LOC_STRINGS = YES;
				SWIFT_VERSION = 5.0;
				TARGETED_DEVICE_FAMILY = "1,2";
			};
			name = Debug;
		};
		F525D7FE2B5A7A6C0030B553 /* Release */ = {
			isa = XCBuildConfiguration;
			buildSettings = {
				ASSETCATALOG_COMPILER_APPICON_NAME = AppIcon;
				ASSETCATALOG_COMPILER_GLOBAL_ACCENT_COLOR_NAME = AccentColor;
				CODE_SIGN_STYLE = Automatic;
				CURRENT_PROJECT_VERSION = 1;
				DEVELOPMENT_ASSET_PATHS = "\"SwiftApp/Preview Content\"";
				ENABLE_PREVIEWS = YES;
				GENERATE_INFOPLIST_FILE = YES;
				INFOPLIST_KEY_UIApplicationSceneManifest_Generation = YES;
				INFOPLIST_KEY_UIApplicationSupportsIndirectInputEvents = YES;
				INFOPLIST_KEY_UILaunchScreen_Generation = YES;
				INFOPLIST_KEY_UISupportedInterfaceOrientations_iPad = "UIInterfaceOrientationPortrait UIInterfaceOrientationPortraitUpsideDown UIInterfaceOrientationLandscapeLeft UIInterfaceOrientationLandscapeRight";
				INFOPLIST_KEY_UISupportedInterfaceOrientations_iPhone = "UIInterfaceOrientationPortrait UIInterfaceOrientationLandscapeLeft UIInterfaceOrientationLandscapeRight";
				LD_RUNPATH_SEARCH_PATHS = (
					"$(inherited)",
					"@executable_path/Frameworks",
				);
				MARKETING_VERSION = 1.0;
				PRODUCT_BUNDLE_IDENTIFIER = IUT.SwiftApp;
				PRODUCT_NAME = "$(TARGET_NAME)";
				SWIFT_EMIT_LOC_STRINGS = YES;
				SWIFT_VERSION = 5.0;
				TARGETED_DEVICE_FAMILY = "1,2";
			};
			name = Release;
		};
/* End XCBuildConfiguration section */

/* Begin XCConfigurationList section */
		F525D7E92B5A7A6A0030B553 /* Build configuration list for PBXProject "SwiftApp" */ = {
			isa = XCConfigurationList;
			buildConfigurations = (
				F525D7FA2B5A7A6C0030B553 /* Debug */,
				F525D7FB2B5A7A6C0030B553 /* Release */,
			);
			defaultConfigurationIsVisible = 0;
			defaultConfigurationName = Release;
		};
		F525D7FC2B5A7A6C0030B553 /* Build configuration list for PBXNativeTarget "SwiftApp" */ = {
			isa = XCConfigurationList;
			buildConfigurations = (
				F525D7FD2B5A7A6C0030B553 /* Debug */,
				F525D7FE2B5A7A6C0030B553 /* Release */,
			);
			defaultConfigurationIsVisible = 0;
			defaultConfigurationName = Release;
		};
/* End XCConfigurationList section */
	};
	rootObject = F525D7E62B5A7A6A0030B553 /* Project object */;
}
